
Microsoft Visual Studio Solution File, Format Version 12.00
# Visual Studio Version 17
VisualStudioVersion = 17.4.33403.182
MinimumVisualStudioVersion = 10.0.40219.1
Project("{FAE04EC0-301F-11D3-BF4B-00C04F79EFBC}") = "jsonParse", "jsonParse\jsonParse.csproj", "{92751C25-9B31-4D4E-A82C-A01556DD251F}"
EndProject
Global
	GlobalSection(SolutionConfigurationPlatforms) = preSolution
		Debug|Any CPU = Debug|Any CPU
		Release|Any CPU = Release|Any CPU
	EndGlobalSection
	GlobalSection(ProjectConfigurationPlatforms) = postSolution
		{92751C25-9B31-4D4E-A82C-A01556DD251F}.Debug|Any CPU.ActiveCfg = Debug|Any CPU
		{92751C25-9B31-4D4E-A82C-A01556DD251F}.Debug|Any CPU.Build.0 = Debug|Any CPU
		{92751C25-9B31-4D4E-A82C-A01556DD251F}.Release|Any CPU.ActiveCfg = Release|Any CPU
		{92751C25-9B31-4D4E-A82C-A01556DD251F}.Release|Any CPU.Build.0 = Release|Any CPU
	EndGlobalSection
	GlobalSection(SolutionProperties) = preSolution
		HideSolutionNode = FALSE
	EndGlobalSection
	GlobalSection(ExtensibilityGlobals) = postSolution
		SolutionGuid = {7D44A673-61B2-4042-A62D-194C98F0F69E}
	EndGlobalSection
EndGlobal
